// !$*UTF8*$!
{
	archiveVersion = 1;
	classes = {
	};
	objectVersion = 50;
	objects = {

/* Begin PBXBuildFile section */
		8AC4BD7525D33E3C004D3D9A /* GeomReader14App.swift in Sources */ = {isa = PBXBuildFile; fileRef = 8AC4BD7425D33E3C004D3D9A /* GeomReader14App.swift */; };
		8AC4BD7725D33E3C004D3D9A /* ContentView.swift in Sources */ = {isa = PBXBuildFile; fileRef = 8AC4BD7625D33E3C004D3D9A /* ContentView.swift */; };
		8AC4BD7925D33E3D004D3D9A /* Assets.xcassets in Resources */ = {isa = PBXBuildFile; fileRef = 8AC4BD7825D33E3D004D3D9A /* Assets.xcassets */; };
		8AC4BD7C25D33E3D004D3D9A /* Preview Assets.xcassets in Resources */ = {isa = PBXBuildFile; fileRef = 8AC4BD7B25D33E3D004D3D9A /* Preview Assets.xcassets */; };
		8AC4BD8725D33E3D004D3D9A /* GeomReader14Tests.swift in Sources */ = {isa = PBXBuildFile; fileRef = 8AC4BD8625D33E3D004D3D9A /* GeomReader14Tests.swift */; };
		8AC4BD9225D33E3D004D3D9A /* GeomReader14UITests.swift in Sources */ = {isa = PBXBuildFile; fileRef = 8AC4BD9125D33E3D004D3D9A /* GeomReader14UITests.swift */; };
/* End PBXBuildFile section */

/* Begin PBXContainerItemProxy section */
		8AC4BD8325D33E3D004D3D9A /* PBXContainerItemProxy */ = {
			isa = PBXContainerItemProxy;
			containerPortal = 8AC4BD6925D33E3C004D3D9A /* Project object */;
			proxyType = 1;
			remoteGlobalIDString = 8AC4BD7025D33E3C004D3D9A;
			remoteInfo = GeomReader14;
		};
		8AC4BD8E25D33E3D004D3D9A /* PBXContainerItemProxy */ = {
			isa = PBXContainerItemProxy;
			containerPortal = 8AC4BD6925D33E3C004D3D9A /* Project object */;
			proxyType = 1;
			remoteGlobalIDString = 8AC4BD7025D33E3C004D3D9A;
			remoteInfo = GeomReader14;
		};
/* End PBXContainerItemProxy section */

/* Begin PBXFileReference section */
		8AC4BD7125D33E3C004D3D9A /* GeomReader14.app */ = {isa = PBXFileReference; explicitFileType = wrapper.application; includeInIndex = 0; path = GeomReader14.app; sourceTree = BUILT_PRODUCTS_DIR; };
		8AC4BD7425D33E3C004D3D9A /* GeomReader14App.swift */ = {isa = PBXFileReference; lastKnownFileType = sourcecode.swift; path = GeomReader14App.swift; sourceTree = "<group>"; };
		8AC4BD7625D33E3C004D3D9A /* ContentView.swift */ = {isa = PBXFileReference; lastKnownFileType = sourcecode.swift; path = ContentView.swift; sourceTree = "<group>"; };
		8AC4BD7825D33E3D004D3D9A /* Assets.xcassets */ = {isa = PBXFileReference; lastKnownFileType = folder.assetcatalog; path = Assets.xcassets; sourceTree = "<group>"; };
		8AC4BD7B25D33E3D004D3D9A /* Preview Assets.xcassets */ = {isa = PBXFileReference; lastKnownFileType = folder.assetcatalog; path = "Preview Assets.xcassets"; sourceTree = "<group>"; };
		8AC4BD7D25D33E3D004D3D9A /* Info.plist */ = {isa = PBXFileReference; lastKnownFileType = text.plist.xml; path = Info.plist; sourceTree = "<group>"; };
		8AC4BD8225D33E3D004D3D9A /* GeomReader14Tests.xctest */ = {isa = PBXFileReference; explicitFileType = wrapper.cfbundle; includeInIndex = 0; path = GeomReader14Tests.xctest; sourceTree = BUILT_PRODUCTS_DIR; };
		8AC4BD8625D33E3D004D3D9A /* GeomReader14Tests.swift */ = {isa = PBXFileReference; lastKnownFileType = sourcecode.swift; path = GeomReader14Tests.swift; sourceTree = "<group>"; };
		8AC4BD8825D33E3D004D3D9A /* Info.plist */ = {isa = PBXFileReference; lastKnownFileType = text.plist.xml; path = Info.plist; sourceTree = "<group>"; };
		8AC4BD8D25D33E3D004D3D9A /* GeomReader14UITests.xctest */ = {isa = PBXFileReference; explicitFileType = wrapper.cfbundle; includeInIndex = 0; path = GeomReader14UITests.xctest; sourceTree = BUILT_PRODUCTS_DIR; };
		8AC4BD9125D33E3D004D3D9A /* GeomReader14UITests.swift */ = {isa = PBXFileReference; lastKnownFileType = sourcecode.swift; path = GeomReader14UITests.swift; sourceTree = "<group>"; };
		8AC4BD9325D33E3D004D3D9A /* Info.plist */ = {isa = PBXFileReference; lastKnownFileType = text.plist.xml; path = Info.plist; sourceTree = "<group>"; };
/* End PBXFileReference section */

/* Begin PBXFrameworksBuildPhase section */
		8AC4BD6E25D33E3C004D3D9A /* Frameworks */ = {
			isa = PBXFrameworksBuildPhase;
			buildActionMask = 2147483647;
			files = (
			);
			runOnlyForDeploymentPostprocessing = 0;
		};
		8AC4BD7F25D33E3D004D3D9A /* Frameworks */ = {
			isa = PBXFrameworksBuildPhase;
			buildActionMask = 2147483647;
			files = (
			);
			runOnlyForDeploymentPostprocessing = 0;
		};
		8AC4BD8A25D33E3D004D3D9A /* Frameworks */ = {
			isa = PBXFrameworksBuildPhase;
			buildActionMask = 2147483647;
			files = (
			);
			runOnlyForDeploymentPostprocessing = 0;
		};
/* End PBXFrameworksBuildPhase section */

/* Begin PBXGroup section */
		8AC4BD6825D33E3C004D3D9A = {
			isa = PBXGroup;
			children = (
				8AC4BD7325D33E3C004D3D9A /* GeomReader14 */,
				8AC4BD8525D33E3D004D3D9A /* GeomReader14Tests */,
				8AC4BD9025D33E3D004D3D9A /* GeomReader14UITests */,
				8AC4BD7225D33E3C004D3D9A /* Products */,
			);
			sourceTree = "<group>";
		};
		8AC4BD7225D33E3C004D3D9A /* Products */ = {
			isa = PBXGroup;
			children = (
				8AC4BD7125D33E3C004D3D9A /* GeomReader14.app */,
				8AC4BD8225D33E3D004D3D9A /* GeomReader14Tests.xctest */,
				8AC4BD8D25D33E3D004D3D9A /* GeomReader14UITests.xctest */,
			);
			name = Products;
			sourceTree = "<group>";
		};
		8AC4BD7325D33E3C004D3D9A /* GeomReader14 */ = {
			isa = PBXGroup;
			children = (
				8AC4BD7425D33E3C004D3D9A /* GeomReader14App.swift */,
				8AC4BD7625D33E3C004D3D9A /* ContentView.swift */,
				8AC4BD7825D33E3D004D3D9A /* Assets.xcassets */,
				8AC4BD7D25D33E3D004D3D9A /* Info.plist */,
				8AC4BD7A25D33E3D004D3D9A /* Preview Content */,
			);
			path = GeomReader14;
			sourceTree = "<group>";
		};
		8AC4BD7A25D33E3D004D3D9A /* Preview Content */ = {
			isa = PBXGroup;
			children = (
				8AC4BD7B25D33E3D004D3D9A /* Preview Assets.xcassets */,
			);
			path = "Preview Content";
			sourceTree = "<group>";
		};
		8AC4BD8525D33E3D004D3D9A /* GeomReader14Tests */ = {
			isa = PBXGroup;
			children = (
				8AC4BD8625D33E3D004D3D9A /* GeomReader14Tests.swift */,
				8AC4BD8825D33E3D004D3D9A /* Info.plist */,
			);
			path = GeomReader14Tests;
			sourceTree = "<group>";
		};
		8AC4BD9025D33E3D004D3D9A /* GeomReader14UITests */ = {
			isa = PBXGroup;
			children = (
				8AC4BD9125D33E3D004D3D9A /* GeomReader14UITests.swift */,
				8AC4BD9325D33E3D004D3D9A /* Info.plist */,
			);
			path = GeomReader14UITests;
			sourceTree = "<group>";
		};
/* End PBXGroup section */

/* Begin PBXNativeTarget section */
		8AC4BD7025D33E3C004D3D9A /* GeomReader14 */ = {
			isa = PBXNativeTarget;
			buildConfigurationList = 8AC4BD9625D33E3D004D3D9A /* Build configuration list for PBXNativeTarget "GeomReader14" */;
			buildPhases = (
				8AC4BD6D25D33E3C004D3D9A /* Sources */,
				8AC4BD6E25D33E3C004D3D9A /* Frameworks */,
				8AC4BD6F25D33E3C004D3D9A /* Resources */,
			);
			buildRules = (
			);
			dependencies = (
			);
			name = GeomReader14;
			productName = GeomReader14;
			productReference = 8AC4BD7125D33E3C004D3D9A /* GeomReader14.app */;
			productType = "com.apple.product-type.application";
		};
		8AC4BD8125D33E3D004D3D9A /* GeomReader14Tests */ = {
			isa = PBXNativeTarget;
			buildConfigurationList = 8AC4BD9925D33E3D004D3D9A /* Build configuration list for PBXNativeTarget "GeomReader14Tests" */;
			buildPhases = (
				8AC4BD7E25D33E3D004D3D9A /* Sources */,
				8AC4BD7F25D33E3D004D3D9A /* Frameworks */,
				8AC4BD8025D33E3D004D3D9A /* Resources */,
			);
			buildRules = (
			);
			dependencies = (
				8AC4BD8425D33E3D004D3D9A /* PBXTargetDependency */,
			);
			name = GeomReader14Tests;
			productName = GeomReader14Tests;
			productReference = 8AC4BD8225D33E3D004D3D9A /* GeomReader14Tests.xctest */;
			productType = "com.apple.product-type.bundle.unit-test";
		};
		8AC4BD8C25D33E3D004D3D9A /* GeomReader14UITests */ = {
			isa = PBXNativeTarget;
			buildConfigurationList = 8AC4BD9C25D33E3D004D3D9A /* Build configuration list for PBXNativeTarget "GeomReader14UITests" */;
			buildPhases = (
				8AC4BD8925D33E3D004D3D9A /* Sources */,
				8AC4BD8A25D33E3D004D3D9A /* Frameworks */,
				8AC4BD8B25D33E3D004D3D9A /* Resources */,
			);
			buildRules = (
			);
			dependencies = (
				8AC4BD8F25D33E3D004D3D9A /* PBXTargetDependency */,
			);
			name = GeomReader14UITests;
			productName = GeomReader14UITests;
			productReference = 8AC4BD8D25D33E3D004D3D9A /* GeomReader14UITests.xctest */;
			productType = "com.apple.product-type.bundle.ui-testing";
		};
/* End PBXNativeTarget section */

/* Begin PBXProject section */
		8AC4BD6925D33E3C004D3D9A /* Project object */ = {
			isa = PBXProject;
			attributes = {
				LastSwiftUpdateCheck = 1240;
				LastUpgradeCheck = 1240;
				TargetAttributes = {
					8AC4BD7025D33E3C004D3D9A = {
						CreatedOnToolsVersion = 12.4;
					};
					8AC4BD8125D33E3D004D3D9A = {
						CreatedOnToolsVersion = 12.4;
						TestTargetID = 8AC4BD7025D33E3C004D3D9A;
					};
					8AC4BD8C25D33E3D004D3D9A = {
						CreatedOnToolsVersion = 12.4;
						TestTargetID = 8AC4BD7025D33E3C004D3D9A;
					};
				};
			};
			buildConfigurationList = 8AC4BD6C25D33E3C004D3D9A /* Build configuration list for PBXProject "GeomReader14" */;
			compatibilityVersion = "Xcode 9.3";
			developmentRegion = en;
			hasScannedForEncodings = 0;
			knownRegions = (
				en,
				Base,
			);
			mainGroup = 8AC4BD6825D33E3C004D3D9A;
			productRefGroup = 8AC4BD7225D33E3C004D3D9A /* Products */;
			projectDirPath = "";
			projectRoot = "";
			targets = (
				8AC4BD7025D33E3C004D3D9A /* GeomReader14 */,
				8AC4BD8125D33E3D004D3D9A /* GeomReader14Tests */,
				8AC4BD8C25D33E3D004D3D9A /* GeomReader14UITests */,
			);
		};
/* End PBXProject section */

/* Begin PBXResourcesBuildPhase section */
		8AC4BD6F25D33E3C004D3D9A /* Resources */ = {
			isa = PBXResourcesBuildPhase;
			buildActionMask = 2147483647;
			files = (
				8AC4BD7C25D33E3D004D3D9A /* Preview Assets.xcassets in Resources */,
				8AC4BD7925D33E3D004D3D9A /* Assets.xcassets in Resources */,
			);
			runOnlyForDeploymentPostprocessing = 0;
		};
		8AC4BD8025D33E3D004D3D9A /* Resources */ = {
			isa = PBXResourcesBuildPhase;
			buildActionMask = 2147483647;
			files = (
			);
			runOnlyForDeploymentPostprocessing = 0;
		};
		8AC4BD8B25D33E3D004D3D9A /* Resources */ = {
			isa = PBXResourcesBuildPhase;
			buildActionMask = 2147483647;
			files = (
			);
			runOnlyForDeploymentPostprocessing = 0;
		};
/* End PBXResourcesBuildPhase section */

/* Begin PBXSourcesBuildPhase section */
		8AC4BD6D25D33E3C004D3D9A /* Sources */ = {
			isa = PBXSourcesBuildPhase;
			buildActionMask = 2147483647;
			files = (
				8AC4BD7725D33E3C004D3D9A /* ContentView.swift in Sources */,
				8AC4BD7525D33E3C004D3D9A /* GeomReader14App.swift in Sources */,
			);
			runOnlyForDeploymentPostprocessing = 0;
		};
		8AC4BD7E25D33E3D004D3D9A /* Sources */ = {
			isa = PBXSourcesBuildPhase;
			buildActionMask = 2147483647;
			files = (
				8AC4BD8725D33E3D004D3D9A /* GeomReader14Tests.swift in Sources */,
			);
			runOnlyForDeploymentPostprocessing = 0;
		};
		8AC4BD8925D33E3D004D3D9A /* Sources */ = {
			isa = PBXSourcesBuildPhase;
			buildActionMask = 2147483647;
			files = (
				8AC4BD9225D33E3D004D3D9A /* GeomReader14UITests.swift in Sources */,
			);
			runOnlyForDeploymentPostprocessing = 0;
		};
/* End PBXSourcesBuildPhase section */

/* Begin PBXTargetDependency section */
		8AC4BD8425D33E3D004D3D9A /* PBXTargetDependency */ = {
			isa = PBXTargetDependency;
			target = 8AC4BD7025D33E3C004D3D9A /* GeomReader14 */;
			targetProxy = 8AC4BD8325D33E3D004D3D9A /* PBXContainerItemProxy */;
		};
		8AC4BD8F25D33E3D004D3D9A /* PBXTargetDependency */ = {
			isa = PBXTargetDependency;
			target = 8AC4BD7025D33E3C004D3D9A /* GeomReader14 */;
			targetProxy = 8AC4BD8E25D33E3D004D3D9A /* PBXContainerItemProxy */;
		};
/* End PBXTargetDependency section */

/* Begin XCBuildConfiguration section */
		8AC4BD9425D33E3D004D3D9A /* Debug */ = {
			isa = XCBuildConfiguration;
			buildSettings = {
				ALWAYS_SEARCH_USER_PATHS = NO;
				CLANG_ANALYZER_NONNULL = YES;
				CLANG_ANALYZER_NUMBER_OBJECT_CONVERSION = YES_AGGRESSIVE;
				CLANG_CXX_LANGUAGE_STANDARD = "gnu++14";
				CLANG_CXX_LIBRARY = "libc++";
				CLANG_ENABLE_MODULES = YES;
				CLANG_ENABLE_OBJC_ARC = YES;
				CLANG_ENABLE_OBJC_WEAK = YES;
				CLANG_WARN_BLOCK_CAPTURE_AUTORELEASING = YES;
				CLANG_WARN_BOOL_CONVERSION = YES;
				CLANG_WARN_COMMA = YES;
				CLANG_WARN_CONSTANT_CONVERSION = YES;
				CLANG_WARN_DEPRECATED_OBJC_IMPLEMENTATIONS = YES;
				CLANG_WARN_DIRECT_OBJC_ISA_USAGE = YES_ERROR;
				CLANG_WARN_DOCUMENTATION_COMMENTS = YES;
				CLANG_WARN_EMPTY_BODY = YES;
				CLANG_WARN_ENUM_CONVERSION = YES;
				CLANG_WARN_INFINITE_RECURSION = YES;
				CLANG_WARN_INT_CONVERSION = YES;
				CLANG_WARN_NON_LITERAL_NULL_CONVERSION = YES;
				CLANG_WARN_OBJC_IMPLICIT_RETAIN_SELF = YES;
				CLANG_WARN_OBJC_LITERAL_CONVERSION = YES;
				CLANG_WARN_OBJC_ROOT_CLASS = YES_ERROR;
				CLANG_WARN_QUOTED_INCLUDE_IN_FRAMEWORK_HEADER = YES;
				CLANG_WARN_RANGE_LOOP_ANALYSIS = YES;
				CLANG_WARN_STRICT_PROTOTYPES = YES;
				CLANG_WARN_SUSPICIOUS_MOVE = YES;
				CLANG_WARN_UNGUARDED_AVAILABILITY = YES_AGGRESSIVE;
				CLANG_WARN_UNREACHABLE_CODE = YES;
				CLANG_WARN__DUPLICATE_METHOD_MATCH = YES;
				COPY_PHASE_STRIP = NO;
				DEBUG_INFORMATION_FORMAT = dwarf;
				ENABLE_STRICT_OBJC_MSGSEND = YES;
				ENABLE_TESTABILITY = YES;
				GCC_C_LANGUAGE_STANDARD = gnu11;
				GCC_DYNAMIC_NO_PIC = NO;
				GCC_NO_COMMON_BLOCKS = YES;
				GCC_OPTIMIZATION_LEVEL = 0;
				GCC_PREPROCESSOR_DEFINITIONS = (
					"DEBUG=1",
					"$(inherited)",
				);
				GCC_WARN_64_TO_32_BIT_CONVERSION = YES;
				GCC_WARN_ABOUT_RETURN_TYPE = YES_ERROR;
				GCC_WARN_UNDECLARED_SELECTOR = YES;
				GCC_WARN_UNINITIALIZED_AUTOS = YES_AGGRESSIVE;
				GCC_WARN_UNUSED_FUNCTION = YES;
				GCC_WARN_UNUSED_VARIABLE = YES;
				IPHONEOS_DEPLOYMENT_TARGET = 14.4;
				MTL_ENABLE_DEBUG_INFO = INCLUDE_SOURCE;
				MTL_FAST_MATH = YES;
				ONLY_ACTIVE_ARCH = YES;
				SDKROOT = iphoneos;
				SWIFT_ACTIVE_COMPILATION_CONDITIONS = DEBUG;
				SWIFT_OPTIMIZATION_LEVEL = "-Onone";
			};
			name = Debug;
		};
		8AC4BD9525D33E3D004D3D9A /* Release */ = {
			isa = XCBuildConfiguration;
			buildSettings = {
				ALWAYS_SEARCH_USER_PATHS = NO;
				CLANG_ANALYZER_NONNULL = YES;
				CLANG_ANALYZER_NUMBER_OBJECT_CONVERSION = YES_AGGRESSIVE;
				CLANG_CXX_LANGUAGE_STANDARD = "gnu++14";
				CLANG_CXX_LIBRARY = "libc++";
				CLANG_ENABLE_MODULES = YES;
				CLANG_ENABLE_OBJC_ARC = YES;
				CLANG_ENABLE_OBJC_WEAK = YES;
				CLANG_WARN_BLOCK_CAPTURE_AUTORELEASING = YES;
				CLANG_WARN_BOOL_CONVERSION = YES;
				CLANG_WARN_COMMA = YES;
				CLANG_WARN_CONSTANT_CONVERSION = YES;
				CLANG_WARN_DEPRECATED_OBJC_IMPLEMENTATIONS = YES;
				CLANG_WARN_DIRECT_OBJC_ISA_USAGE = YES_ERROR;
				CLANG_WARN_DOCUMENTATION_COMMENTS = YES;
				CLANG_WARN_EMPTY_BODY = YES;
				CLANG_WARN_ENUM_CONVERSION = YES;
				CLANG_WARN_INFINITE_RECURSION = YES;
				CLANG_WARN_INT_CONVERSION = YES;
				CLANG_WARN_NON_LITERAL_NULL_CONVERSION = YES;
				CLANG_WARN_OBJC_IMPLICIT_RETAIN_SELF = YES;
				CLANG_WARN_OBJC_LITERAL_CONVERSION = YES;
				CLANG_WARN_OBJC_ROOT_CLASS = YES_ERROR;
				CLANG_WARN_QUOTED_INCLUDE_IN_FRAMEWORK_HEADER = YES;
				CLANG_WARN_RANGE_LOOP_ANALYSIS = YES;
				CLANG_WARN_STRICT_PROTOTYPES = YES;
				CLANG_WARN_SUSPICIOUS_MOVE = YES;
				CLANG_WARN_UNGUARDED_AVAILABILITY = YES_AGGRESSIVE;
				CLANG_WARN_UNREACHABLE_CODE = YES;
				CLANG_WARN__DUPLICATE_METHOD_MATCH = YES;
				COPY_PHASE_STRIP = NO;
				DEBUG_INFORMATION_FORMAT = "dwarf-with-dsym";
				ENABLE_NS_ASSERTIONS = NO;
				ENABLE_STRICT_OBJC_MSGSEND = YES;
				GCC_C_LANGUAGE_STANDARD = gnu11;
				GCC_NO_COMMON_BLOCKS = YES;
				GCC_WARN_64_TO_32_BIT_CONVERSION = YES;
				GCC_WARN_ABOUT_RETURN_TYPE = YES_ERROR;
				GCC_WARN_UNDECLARED_SELECTOR = YES;
				GCC_WARN_UNINITIALIZED_AUTOS = YES_AGGRESSIVE;
				GCC_WARN_UNUSED_FUNCTION = YES;
				GCC_WARN_UNUSED_VARIABLE = YES;
				IPHONEOS_DEPLOYMENT_TARGET = 14.4;
				MTL_ENABLE_DEBUG_INFO = NO;
				MTL_FAST_MATH = YES;
				SDKROOT = iphoneos;
				SWIFT_COMPILATION_MODE = wholemodule;
				SWIFT_OPTIMIZATION_LEVEL = "-O";
				VALIDATE_PRODUCT = YES;
			};
			name = Release;
		};
		8AC4BD9725D33E3D004D3D9A /* Debug */ = {
			isa = XCBuildConfiguration;
			buildSettings = {
				ASSETCATALOG_COMPILER_APPICON_NAME = AppIcon;
				ASSETCATALOG_COMPILER_GLOBAL_ACCENT_COLOR_NAME = AccentColor;
				CODE_SIGN_STYLE = Automatic;
				DEVELOPMENT_ASSET_PATHS = "\"GeomReader14/Preview Content\"";
				DEVELOPMENT_TEAM = JKMGXM83KA;
				ENABLE_PREVIEWS = YES;
				INFOPLIST_FILE = GeomReader14/Info.plist;
				IPHONEOS_DEPLOYMENT_TARGET = 14.0;
				LD_RUNPATH_SEARCH_PATHS = (
					"$(inherited)",
					"@executable_path/Frameworks",
				);
				PRODUCT_BUNDLE_IDENTIFIER = com.IurieGuzun.GeomReader14;
				PRODUCT_NAME = "$(TARGET_NAME)";
				SWIFT_VERSION = 5.0;
				TARGETED_DEVICE_FAMILY = "1,2";
			};
			name = Debug;
		};
		8AC4BD9825D33E3D004D3D9A /* Release */ = {
			isa = XCBuildConfiguration;
			buildSettings = {
				ASSETCATALOG_COMPILER_APPICON_NAME = AppIcon;
				ASSETCATALOG_COMPILER_GLOBAL_ACCENT_COLOR_NAME = AccentColor;
				CODE_SIGN_STYLE = Automatic;
				DEVELOPMENT_ASSET_PATHS = "\"GeomReader14/Preview Content\"";
				DEVELOPMENT_TEAM = JKMGXM83KA;
				ENABLE_PREVIEWS = YES;
				INFOPLIST_FILE = GeomReader14/Info.plist;
				IPHONEOS_DEPLOYMENT_TARGET = 14.0;
				LD_RUNPATH_SEARCH_PATHS = (
					"$(inherited)",
					"@executable_path/Frameworks",
				);
				PRODUCT_BUNDLE_IDENTIFIER = com.IurieGuzun.GeomReader14;
				PRODUCT_NAME = "$(TARGET_NAME)";
				SWIFT_VERSION = 5.0;
				TARGETED_DEVICE_FAMILY = "1,2";
			};
			name = Release;
		};
		8AC4BD9A25D33E3D004D3D9A /* Debug */ = {
			isa = XCBuildConfiguration;
			buildSettings = {
				ALWAYS_EMBED_SWIFT_STANDARD_LIBRARIES = YES;
				BUNDLE_LOADER = "$(TEST_HOST)";
				CODE_SIGN_STYLE = Automatic;
				DEVELOPMENT_TEAM = JKMGXM83KA;
				INFOPLIST_FILE = GeomReader14Tests/Info.plist;
				IPHONEOS_DEPLOYMENT_TARGET = 14.0;
				LD_RUNPATH_SEARCH_PATHS = (
					"$(inherited)",
					"@executable_path/Frameworks",
					"@loader_path/Frameworks",
				);
				PRODUCT_BUNDLE_IDENTIFIER = com.IurieGuzun.GeomReader14Tests;
				PRODUCT_NAME = "$(TARGET_NAME)";
				SWIFT_VERSION = 5.0;
				TARGETED_DEVICE_FAMILY = "1,2";
				TEST_HOST = "$(BUILT_PRODUCTS_DIR)/GeomReader14.app/GeomReader14";
			};
			name = Debug;
		};
		8AC4BD9B25D33E3D004D3D9A /* Release */ = {
			isa = XCBuildConfiguration;
			buildSettings = {
				ALWAYS_EMBED_SWIFT_STANDARD_LIBRARIES = YES;
				BUNDLE_LOADER = "$(TEST_HOST)";
				CODE_SIGN_STYLE = Automatic;
				DEVELOPMENT_TEAM = JKMGXM83KA;
				INFOPLIST_FILE = GeomReader14Tests/Info.plist;
				IPHONEOS_DEPLOYMENT_TARGET = 14.0;
				LD_RUNPATH_SEARCH_PATHS = (
					"$(inherited)",
					"@executable_path/Frameworks",
					"@loader_path/Frameworks",
				);
				PRODUCT_BUNDLE_IDENTIFIER = com.IurieGuzun.GeomReader14Tests;
				PRODUCT_NAME = "$(TARGET_NAME)";
				SWIFT_VERSION = 5.0;
				TARGETED_DEVICE_FAMILY = "1,2";
				TEST_HOST = "$(BUILT_PRODUCTS_DIR)/GeomReader14.app/GeomReader14";
			};
			name = Release;
		};
		8AC4BD9D25D33E3D004D3D9A /* Debug */ = {
			isa = XCBuildConfiguration;
			buildSettings = {
				ALWAYS_EMBED_SWIFT_STANDARD_LIBRARIES = YES;
				CODE_SIGN_STYLE = Automatic;
				DEVELOPMENT_TEAM = JKMGXM83KA;
				INFOPLIST_FILE = GeomReader14UITests/Info.plist;
				LD_RUNPATH_SEARCH_PATHS = (
					"$(inherited)",
					"@executable_path/Frameworks",
					"@loader_path/Frameworks",
				);
				PRODUCT_BUNDLE_IDENTIFIER = com.IurieGuzun.GeomReader14UITests;
				PRODUCT_NAME = "$(TARGET_NAME)";
				SWIFT_VERSION = 5.0;
				TARGETED_DEVICE_FAMILY = "1,2";
				TEST_TARGET_NAME = GeomReader14;
			};
			name = Debug;
		};
		8AC4BD9E25D33E3D004D3D9A /* Release */ = {
			isa = XCBuildConfiguration;
			buildSettings = {
				ALWAYS_EMBED_SWIFT_STANDARD_LIBRARIES = YES;
				CODE_SIGN_STYLE = Automatic;
				DEVELOPMENT_TEAM = JKMGXM83KA;
				INFOPLIST_FILE = GeomReader14UITests/Info.plist;
				LD_RUNPATH_SEARCH_PATHS = (
					"$(inherited)",
					"@executable_path/Frameworks",
					"@loader_path/Frameworks",
				);
				PRODUCT_BUNDLE_IDENTIFIER = com.IurieGuzun.GeomReader14UITests;
				PRODUCT_NAME = "$(TARGET_NAME)";
				SWIFT_VERSION = 5.0;
				TARGETED_DEVICE_FAMILY = "1,2";
				TEST_TARGET_NAME = GeomReader14;
			};
			name = Release;
		};
/* End XCBuildConfiguration section */

/* Begin XCConfigurationList section */
		8AC4BD6C25D33E3C004D3D9A /* Build configuration list for PBXProject "GeomReader14" */ = {
			isa = XCConfigurationList;
			buildConfigurations = (
				8AC4BD9425D33E3D004D3D9A /* Debug */,
				8AC4BD9525D33E3D004D3D9A /* Release */,
			);
			defaultConfigurationIsVisible = 0;
			defaultConfigurationName = Release;
		};
		8AC4BD9625D33E3D004D3D9A /* Build configuration list for PBXNativeTarget "GeomReader14" */ = {
			isa = XCConfigurationList;
			buildConfigurations = (
				8AC4BD9725D33E3D004D3D9A /* Debug */,
				8AC4BD9825D33E3D004D3D9A /* Release */,
			);
			defaultConfigurationIsVisible = 0;
			defaultConfigurationName = Release;
		};
		8AC4BD9925D33E3D004D3D9A /* Build configuration list for PBXNativeTarget "GeomReader14Tests" */ = {
			isa = XCConfigurationList;
			buildConfigurations = (
				8AC4BD9A25D33E3D004D3D9A /* Debug */,
				8AC4BD9B25D33E3D004D3D9A /* Release */,
			);
			defaultConfigurationIsVisible = 0;
			defaultConfigurationName = Release;
		};
		8AC4BD9C25D33E3D004D3D9A /* Build configuration list for PBXNativeTarget "GeomReader14UITests" */ = {
			isa = XCConfigurationList;
			buildConfigurations = (
				8AC4BD9D25D33E3D004D3D9A /* Debug */,
				8AC4BD9E25D33E3D004D3D9A /* Release */,
			);
			defaultConfigurationIsVisible = 0;
			defaultConfigurationName = Release;
		};
/* End XCConfigurationList section */
	};
	rootObject = 8AC4BD6925D33E3C004D3D9A /* Project object */;
}
